
Microsoft Visual Studio Solution File, Format Version 12.00
# Visual Studio Version 17
VisualStudioVersion = 17.8.34330.188
MinimumVisualStudioVersion = 10.0.40219.1
Project("{8BC9CEB8-8B4A-11D0-8D11-00A0C91BC942}") = "SoundTunnel", "SoundTunnel\SoundTunnel.vcxproj", "{0AE91ED7-A345-4F77-B196-8C42ED6E6F90}"
EndProject
Project("{9A19103F-16F7-4668-BE54-9A1E7A4F7556}") = "SoundTunnelApp", "SoundTunnelApp\SoundTunnelApp.csproj", "{7FE1553A-05A9-4C1A-979E-7CEF46F76285}"
EndProject
Global
	GlobalSection(SolutionConfigurationPlatforms) = preSolution
		Debug|x64 = Debug|x64
		Release|x64 = Release|x64
	EndGlobalSection
	GlobalSection(ProjectConfigurationPlatforms) = postSolution
		{0AE91ED7-A345-4F77-B196-8C42ED6E6F90}.Debug|x64.ActiveCfg = Debug|x64
		{0AE91ED7-A345-4F77-B196-8C42ED6E6F90}.Debug|x64.Build.0 = Debug|x64
		{0AE91ED7-A345-4F77-B196-8C42ED6E6F90}.Release|x64.ActiveCfg = Release|x64
		{0AE91ED7-A345-4F77-B196-8C42ED6E6F90}.Release|x64.Build.0 = Release|x64
		{7FE1553A-05A9-4C1A-979E-7CEF46F76285}.Debug|x64.ActiveCfg = Debug|Any CPU
		{7FE1553A-05A9-4C1A-979E-7CEF46F76285}.Debug|x64.Build.0 = Debug|Any CPU
		{7FE1553A-05A9-4C1A-979E-7CEF46F76285}.Release|x64.ActiveCfg = Release|Any CPU
		{7FE1553A-05A9-4C1A-979E-7CEF46F76285}.Release|x64.Build.0 = Release|Any CPU
	EndGlobalSection
	GlobalSection(SolutionProperties) = preSolution
		HideSolutionNode = FALSE
	EndGlobalSection
	GlobalSection(ExtensibilityGlobals) = postSolution
		SolutionGuid = {8A127384-1651-4082-BB94-85B992C00C56}
	EndGlobalSection
EndGlobal
